{
  "name": "DeepBrainChain-MainChain",
  "version": "1.0.0",
  "lockfileVersion": 1,
  "requires": true,
  "dependencies": {
    "@babel/runtime": {
      "version": "7.14.0",
      "resolved": "https://registry.nlark.com/@babel/runtime/download/@babel/runtime-7.14.0.tgz?cache=0&sync_timestamp=1619727501090&other_urls=https%3A%2F%2Fregistry.nlark.com%2F%40babel%2Fruntime%2Fdownload%2F%40babel%2Fruntime-7.14.0.tgz",
      "integrity": "sha1-RnlLwgthLF915i3QceJN/ZXxy+Y=",
      "requires": {
        "regenerator-runtime": "^0.13.4"
      }
    },
    "@polkadot/keyring": {
      "version": "6.6.1",
      "resolved": "https://registry.nlark.com/@polkadot/keyring/download/@polkadot/keyring-6.6.1.tgz?cache=0&sync_timestamp=1622618231927&other_urls=https%3A%2F%2Fregistry.nlark.com%2F%40polkadot%2Fkeyring%2Fdownload%2F%40polkadot%2Fkeyring-6.6.1.tgz",
      "integrity": "sha1-ZvtPowee95/jlWDM+pv//igyF5Y=",
      "requires": {
        "@babel/runtime": "^7.14.0",
        "@polkadot/util": "6.6.1",
        "@polkadot/util-crypto": "6.6.1"
      }
    },
    "@polkadot/networks": {
      "version": "6.6.1",
      "resolved": "https://registry.nlark.com/@polkadot/networks/download/@polkadot/networks-6.6.1.tgz?cache=0&sync_timestamp=1622618237402&other_urls=https%3A%2F%2Fregistry.nlark.com%2F%40polkadot%2Fnetworks%2Fdownload%2F%40polkadot%2Fnetworks-6.6.1.tgz",
      "integrity": "sha1-zuuccgIYQUsJzqeUnjIcOPdsN/8=",
      "requires": {
        "@babel/runtime": "^7.14.0"
      }
    },
    "@polkadot/util": {
      "version": "6.6.1",
      "resolved": "https://registry.nlark.com/@polkadot/util/download/@polkadot/util-6.6.1.tgz?cache=0&sync_timestamp=1622618234170&other_urls=https%3A%2F%2Fregistry.nlark.com%2F%40polkadot%2Futil%2Fdownload%2F%40polkadot%2Futil-6.6.1.tgz",
      "integrity": "sha1-uqKalY2/WEPbsPsC2OgMI8uAP1g=",
      "requires": {
        "@babel/runtime": "^7.14.0",
        "@polkadot/x-textdecoder": "6.6.1",
        "@polkadot/x-textencoder": "6.6.1",
        "@types/bn.js": "^4.11.6",
        "bn.js": "^4.11.9",
        "camelcase": "^5.3.1",
        "ip-regex": "^4.3.0"
      }
    },
    "@polkadot/util-crypto": {
      "version": "6.6.1",
      "resolved": "https://registry.nlark.com/@polkadot/util-crypto/download/@polkadot/util-crypto-6.6.1.tgz?cache=0&sync_timestamp=1622618230103&other_urls=https%3A%2F%2Fregistry.nlark.com%2F%40polkadot%2Futil-crypto%2Fdownload%2F%40polkadot%2Futil-crypto-6.6.1.tgz",
      "integrity": "sha1-UGXjzRiwa4BLCsFR1rAP6FPJbIU=",
      "requires": {
        "@babel/runtime": "^7.14.0",
        "@polkadot/networks": "6.6.1",
        "@polkadot/util": "6.6.1",
        "@polkadot/wasm-crypto": "^4.0.2",
        "@polkadot/x-randomvalues": "6.6.1",
        "base-x": "^3.0.8",
        "base64-js": "^1.5.1",
        "blakejs": "^1.1.0",
        "bn.js": "^4.11.9",
        "create-hash": "^1.2.0",
        "elliptic": "^6.5.4",
        "hash.js": "^1.1.7",
        "js-sha3": "^0.8.0",
        "scryptsy": "^2.1.0",
        "tweetnacl": "^1.0.3",
        "xxhashjs": "^0.2.2"
      }
    },
    "@polkadot/wasm-crypto": {
      "version": "4.0.2",
      "resolved": "https://registry.nlark.com/@polkadot/wasm-crypto/download/@polkadot/wasm-crypto-4.0.2.tgz",
      "integrity": "sha1-lkkFet7oODzIZDPRB7pSa3GMWjs=",
      "requires": {
        "@babel/runtime": "^7.13.9",
        "@polkadot/wasm-crypto-asmjs": "^4.0.2",
        "@polkadot/wasm-crypto-wasm": "^4.0.2"
      }
    },
    "@polkadot/wasm-crypto-asmjs": {
      "version": "4.0.2",
      "resolved": "https://registry.nlark.com/@polkadot/wasm-crypto-asmjs/download/@polkadot/wasm-crypto-asmjs-4.0.2.tgz?cache=0&sync_timestamp=1622617933158&other_urls=https%3A%2F%2Fregistry.nlark.com%2F%40polkadot%2Fwasm-crypto-asmjs%2Fdownload%2F%40polkadot%2Fwasm-crypto-asmjs-4.0.2.tgz",
      "integrity": "sha1-9Cw1OmThJDhB2vkOS9VO/wGk488=",
      "requires": {
        "@babel/runtime": "^7.13.9"
      }
    },
    "@polkadot/wasm-crypto-wasm": {
      "version": "4.0.2",
      "resolved": "https://registry.nlark.com/@polkadot/wasm-crypto-wasm/download/@polkadot/wasm-crypto-wasm-4.0.2.tgz",
      "integrity": "sha1-ifngoeTQdnhNSkK+o3/IsGvdi7Y=",
      "requires": {
        "@babel/runtime": "^7.13.9"
      }
    },
    "@polkadot/x-fetch": {
      "version": "6.6.1",
      "resolved": "https://registry.nlark.com/@polkadot/x-fetch/download/@polkadot/x-fetch-6.6.1.tgz?cache=0&sync_timestamp=1622618241266&other_urls=https%3A%2F%2Fregistry.nlark.com%2F%40polkadot%2Fx-fetch%2Fdownload%2F%40polkadot%2Fx-fetch-6.6.1.tgz",
      "integrity": "sha1-IIy3wuZBC7/IwVp16ZF6jL2mCVY=",
      "requires": {
        "@babel/runtime": "^7.14.0",
        "@polkadot/x-global": "6.6.1",
        "@types/node-fetch": "^2.5.10",
        "node-fetch": "^2.6.1"
      }
    },
    "@polkadot/x-global": {
      "version": "6.6.1",
      "resolved": "https://registry.nlark.com/@polkadot/x-global/download/@polkadot/x-global-6.6.1.tgz?cache=0&sync_timestamp=1622618242043&other_urls=https%3A%2F%2Fregistry.nlark.com%2F%40polkadot%2Fx-global%2Fdownload%2F%40polkadot%2Fx-global-6.6.1.tgz",
      "integrity": "sha1-JVOaQp8WrXhpSPUWDz08vgXsAPM=",
      "requires": {
        "@babel/runtime": "^7.14.0",
        "@types/node-fetch": "^2.5.10",
        "node-fetch": "^2.6.1"
      }
    },
    "@polkadot/x-randomvalues": {
      "version": "6.6.1",
      "resolved": "https://registry.nlark.com/@polkadot/x-randomvalues/download/@polkadot/x-randomvalues-6.6.1.tgz",
      "integrity": "sha1-f9VvZkpPWjf+qyf51FcIFAOHeM4=",
      "requires": {
        "@babel/runtime": "^7.14.0",
        "@polkadot/x-global": "6.6.1"
      }
    },
    "@polkadot/x-rxjs": {
      "version": "6.6.1",
      "resolved": "https://registry.nlark.com/@polkadot/x-rxjs/download/@polkadot/x-rxjs-6.6.1.tgz?cache=0&sync_timestamp=1622618235089&other_urls=https%3A%2F%2Fregistry.nlark.com%2F%40polkadot%2Fx-rxjs%2Fdownload%2F%40polkadot%2Fx-rxjs-6.6.1.tgz",
      "integrity": "sha1-Zg1cG+y3Rjf/TOxUeI4XsRzFkAw=",
      "requires": {
        "@babel/runtime": "^7.14.0",
        "rxjs": "^6.6.7"
      }
    },
    "@polkadot/x-textdecoder": {
      "version": "6.6.1",
      "resolved": "https://registry.nlark.com/@polkadot/x-textdecoder/download/@polkadot/x-textdecoder-6.6.1.tgz",
      "integrity": "sha1-LwBd8OIdPUIzlWWQCKlWOORF6ic=",
      "requires": {
        "@babel/runtime": "^7.14.0",
        "@polkadot/x-global": "6.6.1"
      }
    },
    "@polkadot/x-textencoder": {
      "version": "6.6.1",
      "resolved": "https://registry.nlark.com/@polkadot/x-textencoder/download/@polkadot/x-textencoder-6.6.1.tgz",
      "integrity": "sha1-0GeKoAGvZlYfwZE+dslwRWfj3z0=",
      "requires": {
        "@babel/runtime": "^7.14.0",
        "@polkadot/x-global": "6.6.1"
      }
    },
    "@polkadot/x-ws": {
      "version": "6.6.1",
      "resolved": "https://registry.nlark.com/@polkadot/x-ws/download/@polkadot/x-ws-6.6.1.tgz?cache=0&sync_timestamp=1622618242613&other_urls=https%3A%2F%2Fregistry.nlark.com%2F%40polkadot%2Fx-ws%2Fdownload%2F%40polkadot%2Fx-ws-6.6.1.tgz",
      "integrity": "sha1-mvgHRvEwsAufHlc1TOT9KuISFh8=",
      "requires": {
        "@babel/runtime": "^7.14.0",
        "@polkadot/x-global": "6.6.1",
        "@types/websocket": "^1.0.2",
        "websocket": "^1.0.34"
      }
    },
    "@substrate/txwrapper": {
      "version": "7.0.0",
      "resolved": "https://registry.nlark.com/@substrate/txwrapper/download/@substrate/txwrapper-7.0.0.tgz",
      "integrity": "sha1-2j+Mn8kMjw+FvPn8Zpl7mxuaOxY=",
      "requires": {
        "@polkadot/api": "^4.12.1",
        "memoizee": "^0.4.14"
      },
      "dependencies": {
        "@polkadot/api": {
          "version": "4.12.1",
          "resolved": "https://registry.nlark.com/@polkadot/api/download/@polkadot/api-4.12.1.tgz?cache=0&sync_timestamp=1622621121264&other_urls=https%3A%2F%2Fregistry.nlark.com%2F%40polkadot%2Fapi%2Fdownload%2F%40polkadot%2Fapi-4.12.1.tgz",
          "integrity": "sha1-29w18VuKUelxdU/qpxT2he7W8Wc=",
          "requires": {
            "@babel/runtime": "^7.14.0",
            "@polkadot/api-derive": "4.12.1",
            "@polkadot/keyring": "^6.6.1",
            "@polkadot/metadata": "4.12.1",
            "@polkadot/rpc-core": "4.12.1",
            "@polkadot/rpc-provider": "4.12.1",
            "@polkadot/types": "4.12.1",
            "@polkadot/types-known": "4.12.1",
            "@polkadot/util": "^6.6.1",
            "@polkadot/util-crypto": "^6.6.1",
            "@polkadot/x-rxjs": "^6.6.1",
            "bn.js": "^4.11.9",
            "eventemitter3": "^4.0.7"
          }
        },
        "@polkadot/api-derive": {
          "version": "4.12.1",
          "resolved": "https://registry.nlark.com/@polkadot/api-derive/download/@polkadot/api-derive-4.12.1.tgz",
          "integrity": "sha1-Rjqeg3V6emk9am+yHVraZZstcxs=",
          "requires": {
            "@babel/runtime": "^7.14.0",
            "@polkadot/api": "4.12.1",
            "@polkadot/rpc-core": "4.12.1",
            "@polkadot/types": "4.12.1",
            "@polkadot/util": "^6.6.1",
            "@polkadot/util-crypto": "^6.6.1",
            "@polkadot/x-rxjs": "^6.6.1",
            "bn.js": "^4.11.9"
          }
        },
        "@polkadot/metadata": {
          "version": "4.12.1",
          "resolved": "https://registry.nlark.com/@polkadot/metadata/download/@polkadot/metadata-4.12.1.tgz",
          "integrity": "sha1-L3dRgYhrkbVcjCg6MKYFIz0AEy8=",
          "requires": {
            "@babel/runtime": "^7.14.0",
            "@polkadot/types": "4.12.1",
            "@polkadot/types-known": "4.12.1",
            "@polkadot/util": "^6.6.1",
            "@polkadot/util-crypto": "^6.6.1",
            "bn.js": "^4.11.9"
          }
        },
        "@polkadot/rpc-core": {
          "version": "4.12.1",
          "resolved": "https://registry.nlark.com/@polkadot/rpc-core/download/@polkadot/rpc-core-4.12.1.tgz",
          "integrity": "sha1-9YQiiQtmuR6AVfmxbMVIKg2hidU=",
          "requires": {
            "@babel/runtime": "^7.14.0",
            "@polkadot/metadata": "4.12.1",
            "@polkadot/rpc-provider": "4.12.1",
            "@polkadot/types": "4.12.1",
            "@polkadot/util": "^6.6.1",
            "@polkadot/x-rxjs": "^6.6.1"
          }
        },
        "@polkadot/rpc-provider": {
          "version": "4.12.1",
          "resolved": "https://registry.nlark.com/@polkadot/rpc-provider/download/@polkadot/rpc-provider-4.12.1.tgz",
          "integrity": "sha1-z+IqxZCwQvaEzkJrpfYD2Rri4YU=",
          "requires": {
            "@babel/runtime": "^7.14.0",
            "@polkadot/types": "4.12.1",
            "@polkadot/util": "^6.6.1",
            "@polkadot/util-crypto": "^6.6.1",
            "@polkadot/x-fetch": "^6.6.1",
            "@polkadot/x-global": "^6.6.1",
            "@polkadot/x-ws": "^6.6.1",
            "bn.js": "^4.11.9",
            "eventemitter3": "^4.0.7"
          }
        },
        "@polkadot/types": {
          "version": "4.12.1",
          "resolved": "https://registry.nlark.com/@polkadot/types/download/@polkadot/types-4.12.1.tgz",
          "integrity": "sha1-3J7GnXwNd8ftwzgYDzNKwrrAA9U=",
          "requires": {
            "@babel/runtime": "^7.14.0",
            "@polkadot/metadata": "4.12.1",
            "@polkadot/util": "^6.6.1",
            "@polkadot/util-crypto": "^6.6.1",
            "@polkadot/x-rxjs": "^6.6.1",
            "@types/bn.js": "^4.11.6",
            "bn.js": "^4.11.9"
          }
        },
        "@polkadot/types-known": {
          "version": "4.12.1",
          "resolved": "https://registry.nlark.com/@polkadot/types-known/download/@polkadot/types-known-4.12.1.tgz",
          "integrity": "sha1-dDoDw0t0OZ+HaLYftfztehb67zM=",
          "requires": {
            "@babel/runtime": "^7.14.0",
            "@polkadot/networks": "^6.6.1",
            "@polkadot/types": "4.12.1",
            "@polkadot/util": "^6.6.1",
            "bn.js": "^4.11.9"
          }
        }
      }
    },
    "@tsconfig/node10": {
      "version": "1.0.7",
      "resolved": "https://registry.nlark.com/@tsconfig/node10/download/@tsconfig/node10-1.0.7.tgz",
      "integrity": "sha1-HrHeNsc0eKJHnMZh71rxwW2G1gY="
    },
    "@tsconfig/node12": {
      "version": "1.0.7",
      "resolved": "https://registry.npm.taobao.org/@tsconfig/node12/download/@tsconfig/node12-1.0.7.tgz",
      "integrity": "sha1-Z3vZEX6BZNwxmYfdb/X8G6b78Ys="
    },
    "@tsconfig/node14": {
      "version": "1.0.0",
      "resolved": "https://registry.npm.taobao.org/@tsconfig/node14/download/@tsconfig/node14-1.0.0.tgz",
      "integrity": "sha1-W9BG5Qix7pC8CRdmdYg4dB/e/W4="
    },
    "@tsconfig/node16": {
      "version": "1.0.1",
      "resolved": "https://registry.nlark.com/@tsconfig/node16/download/@tsconfig/node16-1.0.1.tgz",
      "integrity": "sha1-pspqmg/zZq9DP0L18OEkeU/2uPE="
    },
    "@types/bn.js": {
      "version": "4.11.6",
      "resolved": "https://registry.nlark.com/@types/bn.js/download/@types/bn.js-4.11.6.tgz",
      "integrity": "sha1-wwbHDZNYquozzU7aCSp0K5UFlnw=",
      "requires": {
        "@types/node": "*"
      }
    },
    "@types/node": {
      "version": "15.6.0",
      "resolved": "https://registry.nlark.com/@types/node/download/@types/node-15.6.0.tgz?cache=0&sync_timestamp=1622619300856&other_urls=https%3A%2F%2Fregistry.nlark.com%2F%40types%2Fnode%2Fdownload%2F%40types%2Fnode-15.6.0.tgz",
      "integrity": "sha1-8N3KWmHlJifJ3LdxpgOdRGlFl7w="
    },
    "@types/node-fetch": {
      "version": "2.5.10",
      "resolved": "https://registry.nlark.com/@types/node-fetch/download/@types/node-fetch-2.5.10.tgz",
      "integrity": "sha1-m01KBCVWL5/OpwsSyz/N2UbKgTI=",
      "requires": {
        "@types/node": "*",
        "form-data": "^3.0.0"
      }
    },
    "@types/websocket": {
      "version": "1.0.2",
      "resolved": "https://registry.nlark.com/@types/websocket/download/@types/websocket-1.0.2.tgz?cache=0&sync_timestamp=1621244924715&other_urls=https%3A%2F%2Fregistry.nlark.com%2F%40types%2Fwebsocket%2Fdownload%2F%40types%2Fwebsocket-1.0.2.tgz",
      "integrity": "sha1-0oVcajErfac+0WumeBgVvzDGGHo=",
      "requires": {
        "@types/node": "*"
      }
    },
    "arg": {
      "version": "4.1.3",
      "resolved": "https://registry.npm.taobao.org/arg/download/arg-4.1.3.tgz?cache=0&sync_timestamp=1605575041404&other_urls=https%3A%2F%2Fregistry.npm.taobao.org%2Farg%2Fdownload%2Farg-4.1.3.tgz",
      "integrity": "sha1-Jp/HrVuOQstjyJbVZmAXJhwUQIk="
    },
    "asynckit": {
      "version": "0.4.0",
      "resolved": "https://registry.npm.taobao.org/asynckit/download/asynckit-0.4.0.tgz",
      "integrity": "sha1-x57Zf380y48robyXkLzDZkdLS3k="
    },
    "base-x": {
      "version": "3.0.8",
      "resolved": "https://registry.npm.taobao.org/base-x/download/base-x-3.0.8.tgz",
      "integrity": "sha1-HhEGwlN/AWLotSR0pVfrsJAAAY0=",
      "requires": {
        "safe-buffer": "^5.0.1"
      }
    },
    "base64-js": {
      "version": "1.5.1",
      "resolved": "https://registry.npm.taobao.org/base64-js/download/base64-js-1.5.1.tgz?cache=0&other_urls=https%3A%2F%2Fregistry.npm.taobao.org%2Fbase64-js%2Fdownload%2Fbase64-js-1.5.1.tgz",
      "integrity": "sha1-GxtEAWClv3rUC2UPCVljSBkDkwo="
    },
    "blakejs": {
      "version": "1.1.0",
      "resolved": "https://registry.npm.taobao.org/blakejs/download/blakejs-1.1.0.tgz",
      "integrity": "sha1-ad+S75U6qIylGjLfarHFShVfx6U="
    },
    "bn.js": {
      "version": "4.12.0",
      "resolved": "https://registry.npm.taobao.org/bn.js/download/bn.js-4.12.0.tgz",
      "integrity": "sha1-d1s/J477uXGO7HNh9IP7Nvu/6og="
    },
    "brorand": {
      "version": "1.1.0",
      "resolved": "https://registry.npm.taobao.org/brorand/download/brorand-1.1.0.tgz",
      "integrity": "sha1-EsJe/kCkXjwyPrhnWgoM5XsiNx8="
    },
    "buffer-from": {
      "version": "1.1.1",
      "resolved": "https://registry.npm.taobao.org/buffer-from/download/buffer-from-1.1.1.tgz",
      "integrity": "sha1-MnE7wCj3XAL9txDXx7zsHyxgcO8="
    },
    "bufferutil": {
      "version": "4.0.3",
      "resolved": "https://registry.npm.taobao.org/bufferutil/download/bufferutil-4.0.3.tgz",
      "integrity": "sha1-ZnJLdWvtI818KMTTBteZT5lDzGs=",
      "requires": {
        "node-gyp-build": "^4.2.0"
      }
    },
    "camelcase": {
      "version": "5.3.1",
      "resolved": "https://registry.npm.taobao.org/camelcase/download/camelcase-5.3.1.tgz?cache=0&sync_timestamp=1603921884289&other_urls=https%3A%2F%2Fregistry.npm.taobao.org%2Fcamelcase%2Fdownload%2Fcamelcase-5.3.1.tgz",
      "integrity": "sha1-48mzFWnhBoEd8kL3FXJaH0xJQyA="
    },
    "cipher-base": {
      "version": "1.0.4",
      "resolved": "https://registry.npm.taobao.org/cipher-base/download/cipher-base-1.0.4.tgz",
      "integrity": "sha1-h2Dk7MJy9MNjUy+SbYdKriwTl94=",
      "requires": {
        "inherits": "^2.0.1",
        "safe-buffer": "^5.0.1"
      }
    },
    "combined-stream": {
      "version": "1.0.8",
      "resolved": "https://registry.npm.taobao.org/combined-stream/download/combined-stream-1.0.8.tgz",
      "integrity": "sha1-w9RaizT9cwYxoRCoolIGgrMdWn8=",
      "requires": {
        "delayed-stream": "~1.0.0"
      }
    },
    "create-hash": {
      "version": "1.2.0",
      "resolved": "https://registry.npm.taobao.org/create-hash/download/create-hash-1.2.0.tgz",
      "integrity": "sha1-iJB4rxGmN1a8+1m9IhmWvjqe8ZY=",
      "requires": {
        "cipher-base": "^1.0.1",
        "inherits": "^2.0.1",
        "md5.js": "^1.3.4",
        "ripemd160": "^2.0.1",
        "sha.js": "^2.4.0"
      }
    },
    "create-require": {
      "version": "1.1.1",
      "resolved": "https://registry.npm.taobao.org/create-require/download/create-require-1.1.1.tgz",
      "integrity": "sha1-wdfo8eX2z8n/ZfnNNS03NIdWwzM="
    },
    "cuint": {
      "version": "0.2.2",
      "resolved": "https://registry.npm.taobao.org/cuint/download/cuint-0.2.2.tgz",
      "integrity": "sha1-QICG1AlVDCYxFVYZ6fp7ytw7mRs="
    },
    "d": {
      "version": "1.0.1",
      "resolved": "https://registry.npm.taobao.org/d/download/d-1.0.1.tgz",
      "integrity": "sha1-hpgJU3LVjb7jRv/Qxwk/mfj561o=",
      "requires": {
        "es5-ext": "^0.10.50",
        "type": "^1.0.1"
      }
    },
    "debug": {
      "version": "2.6.9",
      "resolved": "https://registry.npm.taobao.org/debug/download/debug-2.6.9.tgz?cache=0&sync_timestamp=1607566571506&other_urls=https%3A%2F%2Fregistry.npm.taobao.org%2Fdebug%2Fdownload%2Fdebug-2.6.9.tgz",
      "integrity": "sha1-XRKFFd8TT/Mn6QpMk/Tgd6U2NB8=",
      "requires": {
        "ms": "2.0.0"
      }
    },
    "delayed-stream": {
      "version": "1.0.0",
      "resolved": "https://registry.npm.taobao.org/delayed-stream/download/delayed-stream-1.0.0.tgz",
      "integrity": "sha1-3zrhmayt+31ECqrgsp4icrJOxhk="
    },
    "diff": {
      "version": "4.0.2",
      "resolved": "https://registry.npm.taobao.org/diff/download/diff-4.0.2.tgz?cache=0&other_urls=https%3A%2F%2Fregistry.npm.taobao.org%2Fdiff%2Fdownload%2Fdiff-4.0.2.tgz",
      "integrity": "sha1-YPOuy4nV+uUgwRqhnvwruYKq3n0="
    },
    "elliptic": {
      "version": "6.5.4",
      "resolved": "https://registry.npm.taobao.org/elliptic/download/elliptic-6.5.4.tgz?cache=0&sync_timestamp=1612290896983&other_urls=https%3A%2F%2Fregistry.npm.taobao.org%2Felliptic%2Fdownload%2Felliptic-6.5.4.tgz",
      "integrity": "sha1-2jfOvTHnmhNn6UG1ku0fvr1Yq7s=",
      "requires": {
        "bn.js": "^4.11.9",
        "brorand": "^1.1.0",
        "hash.js": "^1.0.0",
        "hmac-drbg": "^1.0.1",
        "inherits": "^2.0.4",
        "minimalistic-assert": "^1.0.1",
        "minimalistic-crypto-utils": "^1.0.1"
      }
    },
    "es5-ext": {
      "version": "0.10.53",
      "resolved": "https://registry.npm.taobao.org/es5-ext/download/es5-ext-0.10.53.tgz?cache=0&other_urls=https%3A%2F%2Fregistry.npm.taobao.org%2Fes5-ext%2Fdownload%2Fes5-ext-0.10.53.tgz",
      "integrity": "sha1-k8WjrP2+8nUiCtcmRK0C7hg2jeE=",
      "requires": {
        "es6-iterator": "~2.0.3",
        "es6-symbol": "~3.1.3",
        "next-tick": "~1.0.0"
      },
      "dependencies": {
        "next-tick": {
          "version": "1.0.0",
          "resolved": "https://registry.npm.taobao.org/next-tick/download/next-tick-1.0.0.tgz",
          "integrity": "sha1-yobR/ogoFpsBICCOPchCS524NCw="
        }
      }
    },
    "es6-iterator": {
      "version": "2.0.3",
      "resolved": "https://registry.npm.taobao.org/es6-iterator/download/es6-iterator-2.0.3.tgz",
      "integrity": "sha1-p96IkUGgWpSwhUQDstCg+/qY87c=",
      "requires": {
        "d": "1",
        "es5-ext": "^0.10.35",
        "es6-symbol": "^3.1.1"
      }
    },
    "es6-symbol": {
      "version": "3.1.3",
      "resolved": "https://registry.npm.taobao.org/es6-symbol/download/es6-symbol-3.1.3.tgz",
      "integrity": "sha1-utXTwbzawoJp9MszHkMceKxwXRg=",
      "requires": {
        "d": "^1.0.1",
        "ext": "^1.1.2"
      }
    },
    "es6-weak-map": {
      "version": "2.0.3",
      "resolved": "https://registry.npm.taobao.org/es6-weak-map/download/es6-weak-map-2.0.3.tgz",
      "integrity": "sha1-ttofFswswNm+Q+a9v8Xn383zHVM=",
      "requires": {
        "d": "1",
        "es5-ext": "^0.10.46",
        "es6-iterator": "^2.0.3",
        "es6-symbol": "^3.1.1"
      }
    },
    "event-emitter": {
      "version": "0.3.5",
      "resolved": "https://registry.npm.taobao.org/event-emitter/download/event-emitter-0.3.5.tgz",
      "integrity": "sha1-34xp7vFkeSPHFXuc6DhAYQsCzDk=",
      "requires": {
        "d": "1",
        "es5-ext": "~0.10.14"
      }
    },
    "eventemitter3": {
      "version": "4.0.7",
      "resolved": "https://registry.npm.taobao.org/eventemitter3/download/eventemitter3-4.0.7.tgz?cache=0&sync_timestamp=1598517790184&other_urls=https%3A%2F%2Fregistry.npm.taobao.org%2Feventemitter3%2Fdownload%2Feventemitter3-4.0.7.tgz",
      "integrity": "sha1-Lem2j2Uo1WRO9cWVJqG0oHMGFp8="
    },
    "ext": {
      "version": "1.4.0",
      "resolved": "https://registry.npm.taobao.org/ext/download/ext-1.4.0.tgz?cache=0&other_urls=https%3A%2F%2Fregistry.npm.taobao.org%2Fext%2Fdownload%2Fext-1.4.0.tgz",
      "integrity": "sha1-ia56BxWPedNVF4gpBDJAd+Q3kkQ=",
      "requires": {
        "type": "^2.0.0"
      },
      "dependencies": {
        "type": {
          "version": "2.5.0",
          "resolved": "https://registry.npm.taobao.org/type/download/type-2.5.0.tgz?cache=0&sync_timestamp=1615215680686&other_urls=https%3A%2F%2Fregistry.npm.taobao.org%2Ftype%2Fdownload%2Ftype-2.5.0.tgz",
          "integrity": "sha1-Ci54wud5B7JSq+XymMGwHGPw2z0="
        }
      }
    },
    "form-data": {
      "version": "3.0.1",
      "resolved": "https://registry.npm.taobao.org/form-data/download/form-data-3.0.1.tgz?cache=0&sync_timestamp=1613410812604&other_urls=https%3A%2F%2Fregistry.npm.taobao.org%2Fform-data%2Fdownload%2Fform-data-3.0.1.tgz",
      "integrity": "sha1-69U3kbeDVqma+aMA1CgsTV65dV8=",
      "requires": {
        "asynckit": "^0.4.0",
        "combined-stream": "^1.0.8",
        "mime-types": "^2.1.12"
      }
    },
    "hash-base": {
      "version": "3.1.0",
      "resolved": "https://registry.npm.taobao.org/hash-base/download/hash-base-3.1.0.tgz?cache=0&sync_timestamp=1588317988964&other_urls=https%3A%2F%2Fregistry.npm.taobao.org%2Fhash-base%2Fdownload%2Fhash-base-3.1.0.tgz",
      "integrity": "sha1-VcOB2eBuHSmXqIO0o/3f5/DTrzM=",
      "requires": {
        "inherits": "^2.0.4",
        "readable-stream": "^3.6.0",
        "safe-buffer": "^5.2.0"
      }
    },
    "hash.js": {
      "version": "1.1.7",
      "resolved": "https://registry.npm.taobao.org/hash.js/download/hash.js-1.1.7.tgz",
      "integrity": "sha1-C6vKU46NTuSg+JiNaIZlN6ADz0I=",
      "requires": {
        "inherits": "^2.0.3",
        "minimalistic-assert": "^1.0.1"
      }
    },
    "hmac-drbg": {
      "version": "1.0.1",
      "resolved": "https://registry.npm.taobao.org/hmac-drbg/download/hmac-drbg-1.0.1.tgz",
      "integrity": "sha1-0nRXAQJabHdabFRXk+1QL8DGSaE=",
      "requires": {
        "hash.js": "^1.0.3",
        "minimalistic-assert": "^1.0.0",
        "minimalistic-crypto-utils": "^1.0.1"
      }
    },
    "inherits": {
      "version": "2.0.4",
      "resolved": "https://registry.npm.taobao.org/inherits/download/inherits-2.0.4.tgz",
      "integrity": "sha1-D6LGT5MpF8NDOg3tVTY6rjdBa3w="
    },
    "ip-regex": {
      "version": "4.3.0",
      "resolved": "https://registry.npm.taobao.org/ip-regex/download/ip-regex-4.3.0.tgz",
      "integrity": "sha1-aHJ1qw9X+naXj/j03dyKI9WZDbU="
    },
    "is-promise": {
      "version": "2.2.2",
      "resolved": "https://registry.npm.taobao.org/is-promise/download/is-promise-2.2.2.tgz?cache=0&sync_timestamp=1588001977739&other_urls=https%3A%2F%2Fregistry.npm.taobao.org%2Fis-promise%2Fdownload%2Fis-promise-2.2.2.tgz",
      "integrity": "sha1-OauVnMv5p3TPB597QMeib3YxNfE="
    },
    "is-typedarray": {
      "version": "1.0.0",
      "resolved": "https://registry.npm.taobao.org/is-typedarray/download/is-typedarray-1.0.0.tgz",
      "integrity": "sha1-5HnICFjfDBsR3dppQPlgEfzaSpo="
    },
    "js-sha3": {
      "version": "0.8.0",
      "resolved": "https://registry.npm.taobao.org/js-sha3/download/js-sha3-0.8.0.tgz",
      "integrity": "sha1-ubel2nOvrX3t0PjEY5VMveaBiEA="
    },
    "lru-queue": {
      "version": "0.1.0",
      "resolved": "https://registry.npm.taobao.org/lru-queue/download/lru-queue-0.1.0.tgz",
      "integrity": "sha1-Jzi9nw089PhEkMVzbEhpmsYyzaM=",
      "requires": {
        "es5-ext": "~0.10.2"
      }
    },
    "make-error": {
      "version": "1.3.6",
      "resolved": "https://registry.npm.taobao.org/make-error/download/make-error-1.3.6.tgz",
      "integrity": "sha1-LrLjfqm2fEiR9oShOUeZr0hM96I="
    },
    "md5.js": {
      "version": "1.3.5",
      "resolved": "https://registry.npm.taobao.org/md5.js/download/md5.js-1.3.5.tgz",
      "integrity": "sha1-tdB7jjIW4+J81yjXL3DR5qNCAF8=",
      "requires": {
        "hash-base": "^3.0.0",
        "inherits": "^2.0.1",
        "safe-buffer": "^5.1.2"
      }
    },
    "memoizee": {
      "version": "0.4.15",
      "resolved": "https://registry.npm.taobao.org/memoizee/download/memoizee-0.4.15.tgz",
      "integrity": "sha1-5vPS2oY/MY0CIlORgppsWVZVW3I=",
      "requires": {
        "d": "^1.0.1",
        "es5-ext": "^0.10.53",
        "es6-weak-map": "^2.0.3",
        "event-emitter": "^0.3.5",
        "is-promise": "^2.2.2",
        "lru-queue": "^0.1.0",
        "next-tick": "^1.1.0",
        "timers-ext": "^0.1.7"
      }
    },
    "mime-db": {
      "version": "1.48.0",
      "resolved": "https://registry.nlark.com/mime-db/download/mime-db-1.48.0.tgz?cache=0&sync_timestamp=1622433591448&other_urls=https%3A%2F%2Fregistry.nlark.com%2Fmime-db%2Fdownload%2Fmime-db-1.48.0.tgz",
      "integrity": "sha1-41sxBF3X6to6qtU37YijOvvvLR0="
    },
    "mime-types": {
      "version": "2.1.31",
      "resolved": "https://registry.nlark.com/mime-types/download/mime-types-2.1.31.tgz?cache=0&sync_timestamp=1622569304088&other_urls=https%3A%2F%2Fregistry.nlark.com%2Fmime-types%2Fdownload%2Fmime-types-2.1.31.tgz",
      "integrity": "sha1-oA12t0MXxh+cLbIhi46fjpxcnms=",
      "requires": {
        "mime-db": "1.48.0"
      }
    },
    "minimalistic-assert": {
      "version": "1.0.1",
      "resolved": "https://registry.npm.taobao.org/minimalistic-assert/download/minimalistic-assert-1.0.1.tgz",
      "integrity": "sha1-LhlN4ERibUoQ5/f7wAznPoPk1cc="
    },
    "minimalistic-crypto-utils": {
      "version": "1.0.1",
      "resolved": "https://registry.npm.taobao.org/minimalistic-crypto-utils/download/minimalistic-crypto-utils-1.0.1.tgz",
      "integrity": "sha1-9sAMHAsIIkblxNmd+4x8CDsrWCo="
    },
    "minimist": {
      "version": "1.2.5",
      "resolved": "https://registry.npm.taobao.org/minimist/download/minimist-1.2.5.tgz",
      "integrity": "sha1-Z9ZgFLZqaoqqDAg8X9WN9OTpdgI="
    },
    "ms": {
      "version": "2.0.0",
      "resolved": "https://registry.npm.taobao.org/ms/download/ms-2.0.0.tgz?cache=0&sync_timestamp=1607433926553&other_urls=https%3A%2F%2Fregistry.npm.taobao.org%2Fms%2Fdownload%2Fms-2.0.0.tgz",
      "integrity": "sha1-VgiurfwAvmwpAd9fmGF4jeDVl8g="
    },
    "next-tick": {
      "version": "1.1.0",
      "resolved": "https://registry.npm.taobao.org/next-tick/download/next-tick-1.1.0.tgz",
      "integrity": "sha1-GDbuMK1W1n7ygbIr0Zn3CUSbNes="
    },
    "node-fetch": {
      "version": "2.6.1",
      "resolved": "https://registry.npm.taobao.org/node-fetch/download/node-fetch-2.6.1.tgz?cache=0&sync_timestamp=1599309667528&other_urls=https%3A%2F%2Fregistry.npm.taobao.org%2Fnode-fetch%2Fdownload%2Fnode-fetch-2.6.1.tgz",
      "integrity": "sha1-BFvTI2Mfdu0uK1VXM5RBa2OaAFI="
    },
    "node-gyp-build": {
      "version": "4.2.3",
      "resolved": "https://registry.npm.taobao.org/node-gyp-build/download/node-gyp-build-4.2.3.tgz?cache=0&sync_timestamp=1595241585465&other_urls=https%3A%2F%2Fregistry.npm.taobao.org%2Fnode-gyp-build%2Fdownload%2Fnode-gyp-build-4.2.3.tgz",
      "integrity": "sha1-zmJ3+FODX3GIKe+0fbIPPk2cRzk="
    },
    "readable-stream": {
      "version": "3.6.0",
      "resolved": "https://registry.npm.taobao.org/readable-stream/download/readable-stream-3.6.0.tgz",
      "integrity": "sha1-M3u9o63AcGvT4CRCaihtS0sskZg=",
      "requires": {
        "inherits": "^2.0.3",
        "string_decoder": "^1.1.1",
        "util-deprecate": "^1.0.1"
      }
    },
    "regenerator-runtime": {
      "version": "0.13.7",
      "resolved": "https://registry.npm.taobao.org/regenerator-runtime/download/regenerator-runtime-0.13.7.tgz",
      "integrity": "sha1-ysLazIoepnX+qrrriugziYrkb1U="
    },
    "ripemd160": {
      "version": "2.0.2",
      "resolved": "https://registry.npm.taobao.org/ripemd160/download/ripemd160-2.0.2.tgz",
      "integrity": "sha1-ocGm9iR1FXe6XQeRTLyShQWFiQw=",
      "requires": {
        "hash-base": "^3.0.0",
        "inherits": "^2.0.1"
      }
    },
    "rxjs": {
      "version": "6.6.7",
      "resolved": "https://registry.nlark.com/rxjs/download/rxjs-6.6.7.tgz?cache=0&sync_timestamp=1621619391474&other_urls=https%3A%2F%2Fregistry.nlark.com%2Frxjs%2Fdownload%2Frxjs-6.6.7.tgz",
      "integrity": "sha1-kKwBisq/SRv2UEQjXVhjxNq4BMk=",
      "requires": {
        "tslib": "^1.9.0"
      }
    },
    "safe-buffer": {
      "version": "5.2.1",
      "resolved": "https://registry.npm.taobao.org/safe-buffer/download/safe-buffer-5.2.1.tgz",
      "integrity": "sha1-Hq+fqb2x/dTsdfWPnNtOa3gn7sY="
    },
    "scryptsy": {
      "version": "2.1.0",
      "resolved": "https://registry.npm.taobao.org/scryptsy/download/scryptsy-2.1.0.tgz",
      "integrity": "sha1-jR6NDAJbWP3SW2+poNyQXuj6p5A="
    },
    "sha.js": {
      "version": "2.4.11",
      "resolved": "https://registry.npm.taobao.org/sha.js/download/sha.js-2.4.11.tgz",
      "integrity": "sha1-N6XPC4HsvGlD3hCbopYNGyZYSuc=",
      "requires": {
        "inherits": "^2.0.1",
        "safe-buffer": "^5.0.1"
      }
    },
    "source-map": {
      "version": "0.6.1",
      "resolved": "https://registry.npm.taobao.org/source-map/download/source-map-0.6.1.tgz",
      "integrity": "sha1-dHIq8y6WFOnCh6jQu95IteLxomM="
    },
    "source-map-support": {
      "version": "0.5.19",
      "resolved": "https://registry.npm.taobao.org/source-map-support/download/source-map-support-0.5.19.tgz?cache=0&other_urls=https%3A%2F%2Fregistry.npm.taobao.org%2Fsource-map-support%2Fdownload%2Fsource-map-support-0.5.19.tgz",
      "integrity": "sha1-qYti+G3K9PZzmWSMCFKRq56P7WE=",
      "requires": {
        "buffer-from": "^1.0.0",
        "source-map": "^0.6.0"
      }
    },
    "string_decoder": {
      "version": "1.3.0",
      "resolved": "https://registry.npm.taobao.org/string_decoder/download/string_decoder-1.3.0.tgz",
      "integrity": "sha1-QvEUWUpGzxqOMLCoT1bHjD7awh4=",
      "requires": {
        "safe-buffer": "~5.2.0"
      }
    },
    "timers-ext": {
      "version": "0.1.7",
      "resolved": "https://registry.npm.taobao.org/timers-ext/download/timers-ext-0.1.7.tgz",
      "integrity": "sha1-b1ethXjgej+5+R2Th9ZWR1VeJcY=",
      "requires": {
        "es5-ext": "~0.10.46",
        "next-tick": "1"
      }
    },
    "ts-node": {
      "version": "10.0.0",
      "resolved": "https://registry.nlark.com/ts-node/download/ts-node-10.0.0.tgz?cache=0&sync_timestamp=1621798304685&other_urls=https%3A%2F%2Fregistry.nlark.com%2Fts-node%2Fdownload%2Fts-node-10.0.0.tgz",
      "integrity": "sha1-BfELmnFrC2JBKa1E8OoF2shLo74=",
      "requires": {
        "@tsconfig/node10": "^1.0.7",
        "@tsconfig/node12": "^1.0.7",
        "@tsconfig/node14": "^1.0.0",
        "@tsconfig/node16": "^1.0.1",
        "arg": "^4.1.0",
        "create-require": "^1.1.0",
        "diff": "^4.0.1",
        "make-error": "^1.1.1",
        "source-map-support": "^0.5.17",
        "yn": "3.1.1"
      }
    },
    "tslib": {
      "version": "1.14.1",
      "resolved": "https://registry.npm.taobao.org/tslib/download/tslib-1.14.1.tgz",
      "integrity": "sha1-zy04vcNKE0vK8QkcQfZhni9nLQA="
    },
    "tweetnacl": {
      "version": "1.0.3",
      "resolved": "https://registry.npm.taobao.org/tweetnacl/download/tweetnacl-1.0.3.tgz?cache=0&sync_timestamp=1581365146868&other_urls=https%3A%2F%2Fregistry.npm.taobao.org%2Ftweetnacl%2Fdownload%2Ftweetnacl-1.0.3.tgz",
      "integrity": "sha1-rAr3FoBFjYpjeNDQ0FCrFAfTVZY="
    },
    "type": {
      "version": "1.2.0",
      "resolved": "https://registry.npm.taobao.org/type/download/type-1.2.0.tgz?cache=0&sync_timestamp=1615215680686&other_urls=https%3A%2F%2Fregistry.npm.taobao.org%2Ftype%2Fdownload%2Ftype-1.2.0.tgz",
      "integrity": "sha1-hI3XaY2vo+VKbEeedZxLw/GIR6A="
    },
    "typedarray-to-buffer": {
      "version": "3.1.5",
      "resolved": "https://registry.npm.taobao.org/typedarray-to-buffer/download/typedarray-to-buffer-3.1.5.tgz",
      "integrity": "sha1-qX7nqf9CaRufeD/xvFES/j/KkIA=",
      "requires": {
        "is-typedarray": "^1.0.0"
      }
    },
    "typescript": {
      "version": "4.3.2",
      "resolved": "https://registry.nlark.com/typescript/download/typescript-4.3.2.tgz?cache=0&sync_timestamp=1622620193938&other_urls=https%3A%2F%2Fregistry.nlark.com%2Ftypescript%2Fdownload%2Ftypescript-4.3.2.tgz",
      "integrity": "sha1-OZqxiqxFgC1vJJjeUFT8u+cWqAU="
    },
    "utf-8-validate": {
      "version": "5.0.5",
      "resolved": "https://registry.nlark.com/utf-8-validate/download/utf-8-validate-5.0.5.tgz?cache=0&sync_timestamp=1620067993025&other_urls=https%3A%2F%2Fregistry.nlark.com%2Futf-8-validate%2Fdownload%2Futf-8-validate-5.0.5.tgz",
      "integrity": "sha1-3TLC6CxyAC3J8C62e6Z2H0NFbKE=",
      "requires": {
        "node-gyp-build": "^4.2.0"
      }
    },
    "util-deprecate": {
      "version": "1.0.2",
      "resolved": "https://registry.npm.taobao.org/util-deprecate/download/util-deprecate-1.0.2.tgz",
      "integrity": "sha1-RQ1Nyfpw3nMnYvvS1KKJgUGaDM8="
    },
    "websocket": {
      "version": "1.0.34",
      "resolved": "https://registry.npm.taobao.org/websocket/download/websocket-1.0.34.tgz",
      "integrity": "sha1-K9wmAsCL8sgiU7cwZVwO99yrMRE=",
      "requires": {
        "bufferutil": "^4.0.1",
        "debug": "^2.2.0",
        "es5-ext": "^0.10.50",
        "typedarray-to-buffer": "^3.1.5",
        "utf-8-validate": "^5.0.2",
        "yaeti": "^0.0.6"
      }
    },
    "xxhashjs": {
      "version": "0.2.2",
      "resolved": "https://registry.npm.taobao.org/xxhashjs/download/xxhashjs-0.2.2.tgz",
      "integrity": "sha1-imJRVnYhocRqWuIE2gJJx/jKqdg=",
      "requires": {
        "cuint": "^0.2.2"
      }
    },
    "yaeti": {
      "version": "0.0.6",
      "resolved": "https://registry.npm.taobao.org/yaeti/download/yaeti-0.0.6.tgz",
      "integrity": "sha1-8m9ITXJoTPQr7ft2lwqhYI+/lXc="
    },
    "yn": {
      "version": "3.1.1",
      "resolved": "https://registry.npm.taobao.org/yn/download/yn-3.1.1.tgz",
      "integrity": "sha1-HodAGgnXZ8HV6rJqbkwYUYLS61A="
    }
  }
}
