# THIS IS AN AUTOGENERATED FILE. DO NOT EDIT THIS FILE DIRECTLY.
# yarn lockfile v1


"@babel/runtime@^7.13.9", "@babel/runtime@^7.14.0":
  version "7.14.0"
  resolved "https://registry.nlark.com/@babel/runtime/download/@babel/runtime-7.14.0.tgz?cache=0&sync_timestamp=1619727414495&other_urls=https%3A%2F%2Fregistry.nlark.com%2F%40babel%2Fruntime%2Fdownload%2F%40babel%2Fruntime-7.14.0.tgz#46794bc20b612c5f75e62dd071e24dfd95f1cbe6"
  integrity sha1-RnlLwgthLF915i3QceJN/ZXxy+Y=
  dependencies:
    regenerator-runtime "^0.13.4"

"@polkadot/api-derive@4.12.1":
  version "4.12.1"
  resolved "https://registry.nlark.com/@polkadot/api-derive/download/@polkadot/api-derive-4.12.1.tgz#463a9e83757a7a693d6a6fb21d5ada659b2d731b"
  integrity sha1-Rjqeg3V6emk9am+yHVraZZstcxs=
  dependencies:
    "@babel/runtime" "^7.14.0"
    "@polkadot/api" "4.12.1"
    "@polkadot/rpc-core" "4.12.1"
    "@polkadot/types" "4.12.1"
    "@polkadot/util" "^6.6.1"
    "@polkadot/util-crypto" "^6.6.1"
    "@polkadot/x-rxjs" "^6.6.1"
    bn.js "^4.11.9"

"@polkadot/api@4.12.1", "@polkadot/api@^4.12.1":
  version "4.12.1"
  resolved "https://registry.nlark.com/@polkadot/api/download/@polkadot/api-4.12.1.tgz?cache=0&sync_timestamp=1622621121264&other_urls=https%3A%2F%2Fregistry.nlark.com%2F%40polkadot%2Fapi%2Fdownload%2F%40polkadot%2Fapi-4.12.1.tgz#dbdc35f15b8a51e971754feaa714f685eed6f167"
  integrity sha1-29w18VuKUelxdU/qpxT2he7W8Wc=
  dependencies:
    "@babel/runtime" "^7.14.0"
    "@polkadot/api-derive" "4.12.1"
    "@polkadot/keyring" "^6.6.1"
    "@polkadot/metadata" "4.12.1"
    "@polkadot/rpc-core" "4.12.1"
    "@polkadot/rpc-provider" "4.12.1"
    "@polkadot/types" "4.12.1"
    "@polkadot/types-known" "4.12.1"
    "@polkadot/util" "^6.6.1"
    "@polkadot/util-crypto" "^6.6.1"
    "@polkadot/x-rxjs" "^6.6.1"
    bn.js "^4.11.9"
    eventemitter3 "^4.0.7"

"@polkadot/keyring@^6.6.1":
  version "6.6.1"
  resolved "https://registry.nlark.com/@polkadot/keyring/download/@polkadot/keyring-6.6.1.tgz?cache=0&sync_timestamp=1622618231927&other_urls=https%3A%2F%2Fregistry.nlark.com%2F%40polkadot%2Fkeyring%2Fdownload%2F%40polkadot%2Fkeyring-6.6.1.tgz#66fb4fa3079ef79fe39560ccfa9bfffe28321796"
  integrity sha1-ZvtPowee95/jlWDM+pv//igyF5Y=
  dependencies:
    "@babel/runtime" "^7.14.0"
    "@polkadot/util" "6.6.1"
    "@polkadot/util-crypto" "6.6.1"

"@polkadot/metadata@4.12.1":
  version "4.12.1"
  resolved "https://registry.nlark.com/@polkadot/metadata/download/@polkadot/metadata-4.12.1.tgz#2f775181886b91b55c8c283a30a605233d00132f"
  integrity sha1-L3dRgYhrkbVcjCg6MKYFIz0AEy8=
  dependencies:
    "@babel/runtime" "^7.14.0"
    "@polkadot/types" "4.12.1"
    "@polkadot/types-known" "4.12.1"
    "@polkadot/util" "^6.6.1"
    "@polkadot/util-crypto" "^6.6.1"
    bn.js "^4.11.9"

"@polkadot/networks@6.6.1", "@polkadot/networks@^6.6.1":
  version "6.6.1"
  resolved "https://registry.nlark.com/@polkadot/networks/download/@polkadot/networks-6.6.1.tgz?cache=0&sync_timestamp=1622618237402&other_urls=https%3A%2F%2Fregistry.nlark.com%2F%40polkadot%2Fnetworks%2Fdownload%2F%40polkadot%2Fnetworks-6.6.1.tgz#ceeb9c720218414b09cea7949e321c38f76c37ff"
  integrity sha1-zuuccgIYQUsJzqeUnjIcOPdsN/8=
  dependencies:
    "@babel/runtime" "^7.14.0"

"@polkadot/rpc-core@4.12.1":
  version "4.12.1"
  resolved "https://registry.nlark.com/@polkadot/rpc-core/download/@polkadot/rpc-core-4.12.1.tgz#f58422890b66b91e8055f9b16cc5482a0da189d5"
  integrity sha1-9YQiiQtmuR6AVfmxbMVIKg2hidU=
  dependencies:
    "@babel/runtime" "^7.14.0"
    "@polkadot/metadata" "4.12.1"
    "@polkadot/rpc-provider" "4.12.1"
    "@polkadot/types" "4.12.1"
    "@polkadot/util" "^6.6.1"
    "@polkadot/x-rxjs" "^6.6.1"

"@polkadot/rpc-provider@4.12.1":
  version "4.12.1"
  resolved "https://registry.nlark.com/@polkadot/rpc-provider/download/@polkadot/rpc-provider-4.12.1.tgz#cfe22ac590b042f684ce426ba5f603d91ae2e185"
  integrity sha1-z+IqxZCwQvaEzkJrpfYD2Rri4YU=
  dependencies:
    "@babel/runtime" "^7.14.0"
    "@polkadot/types" "4.12.1"
    "@polkadot/util" "^6.6.1"
    "@polkadot/util-crypto" "^6.6.1"
    "@polkadot/x-fetch" "^6.6.1"
    "@polkadot/x-global" "^6.6.1"
    "@polkadot/x-ws" "^6.6.1"
    bn.js "^4.11.9"
    eventemitter3 "^4.0.7"

"@polkadot/types-known@4.12.1":
  version "4.12.1"
  resolved "https://registry.nlark.com/@polkadot/types-known/download/@polkadot/types-known-4.12.1.tgz#743a03c34b74399f8768b61fb5fced7a16faef33"
  integrity sha1-dDoDw0t0OZ+HaLYftfztehb67zM=
  dependencies:
    "@babel/runtime" "^7.14.0"
    "@polkadot/networks" "^6.6.1"
    "@polkadot/types" "4.12.1"
    "@polkadot/util" "^6.6.1"
    bn.js "^4.11.9"

"@polkadot/types@4.12.1", "@polkadot/types@^4.12.1":
  version "4.12.1"
  resolved "https://registry.nlark.com/@polkadot/types/download/@polkadot/types-4.12.1.tgz#dc9ec69d7c0d77c7edc338180f334ac2bac003d5"
  integrity sha1-3J7GnXwNd8ftwzgYDzNKwrrAA9U=
  dependencies:
    "@babel/runtime" "^7.14.0"
    "@polkadot/metadata" "4.12.1"
    "@polkadot/util" "^6.6.1"
    "@polkadot/util-crypto" "^6.6.1"
    "@polkadot/x-rxjs" "^6.6.1"
    "@types/bn.js" "^4.11.6"
    bn.js "^4.11.9"

"@polkadot/util-crypto@6.6.1", "@polkadot/util-crypto@^6.6.1":
  version "6.6.1"
  resolved "https://registry.nlark.com/@polkadot/util-crypto/download/@polkadot/util-crypto-6.6.1.tgz?cache=0&sync_timestamp=1622618230103&other_urls=https%3A%2F%2Fregistry.nlark.com%2F%40polkadot%2Futil-crypto%2Fdownload%2F%40polkadot%2Futil-crypto-6.6.1.tgz#5065e3cd18b06b804b0ac151d6b00fe853c96c85"
  integrity sha1-UGXjzRiwa4BLCsFR1rAP6FPJbIU=
  dependencies:
    "@babel/runtime" "^7.14.0"
    "@polkadot/networks" "6.6.1"
    "@polkadot/util" "6.6.1"
    "@polkadot/wasm-crypto" "^4.0.2"
    "@polkadot/x-randomvalues" "6.6.1"
    base-x "^3.0.8"
    base64-js "^1.5.1"
    blakejs "^1.1.0"
    bn.js "^4.11.9"
    create-hash "^1.2.0"
    elliptic "^6.5.4"
    hash.js "^1.1.7"
    js-sha3 "^0.8.0"
    scryptsy "^2.1.0"
    tweetnacl "^1.0.3"
    xxhashjs "^0.2.2"

"@polkadot/util@6.6.1", "@polkadot/util@^6.6.1":
  version "6.6.1"
  resolved "https://registry.nlark.com/@polkadot/util/download/@polkadot/util-6.6.1.tgz?cache=0&sync_timestamp=1622618234170&other_urls=https%3A%2F%2Fregistry.nlark.com%2F%40polkadot%2Futil%2Fdownload%2F%40polkadot%2Futil-6.6.1.tgz#baa29a958dbf5843dbb0fb02d8e80c23cb803f58"
  integrity sha1-uqKalY2/WEPbsPsC2OgMI8uAP1g=
  dependencies:
    "@babel/runtime" "^7.14.0"
    "@polkadot/x-textdecoder" "6.6.1"
    "@polkadot/x-textencoder" "6.6.1"
    "@types/bn.js" "^4.11.6"
    bn.js "^4.11.9"
    camelcase "^5.3.1"
    ip-regex "^4.3.0"

"@polkadot/wasm-crypto-asmjs@^4.0.2":
  version "4.0.2"
  resolved "https://registry.nlark.com/@polkadot/wasm-crypto-asmjs/download/@polkadot/wasm-crypto-asmjs-4.0.2.tgz#f42c353a64e1243841daf90e4bd54eff01a4e3cf"
  integrity sha1-9Cw1OmThJDhB2vkOS9VO/wGk488=
  dependencies:
    "@babel/runtime" "^7.13.9"

"@polkadot/wasm-crypto-wasm@^4.0.2":
  version "4.0.2"
  resolved "https://registry.nlark.com/@polkadot/wasm-crypto-wasm/download/@polkadot/wasm-crypto-wasm-4.0.2.tgz#89f9e0a1e4d076784d4a42bea37fc8b06bdd8bb6"
  integrity sha1-ifngoeTQdnhNSkK+o3/IsGvdi7Y=
  dependencies:
    "@babel/runtime" "^7.13.9"

"@polkadot/wasm-crypto@^4.0.2":
  version "4.0.2"
  resolved "https://registry.nlark.com/@polkadot/wasm-crypto/download/@polkadot/wasm-crypto-4.0.2.tgz#9649057adee8383cc86433d107ba526b718c5a3b"
  integrity sha1-lkkFet7oODzIZDPRB7pSa3GMWjs=
  dependencies:
    "@babel/runtime" "^7.13.9"
    "@polkadot/wasm-crypto-asmjs" "^4.0.2"
    "@polkadot/wasm-crypto-wasm" "^4.0.2"

"@polkadot/x-fetch@^6.6.1":
  version "6.6.1"
  resolved "https://registry.nlark.com/@polkadot/x-fetch/download/@polkadot/x-fetch-6.6.1.tgz?cache=0&sync_timestamp=1622618241266&other_urls=https%3A%2F%2Fregistry.nlark.com%2F%40polkadot%2Fx-fetch%2Fdownload%2F%40polkadot%2Fx-fetch-6.6.1.tgz#208cb7c2e6410bbfc8c15a75e9917a8cbda60956"
  integrity sha1-IIy3wuZBC7/IwVp16ZF6jL2mCVY=
  dependencies:
    "@babel/runtime" "^7.14.0"
    "@polkadot/x-global" "6.6.1"
    "@types/node-fetch" "^2.5.10"
    node-fetch "^2.6.1"

"@polkadot/x-global@6.6.1", "@polkadot/x-global@^6.6.1":
  version "6.6.1"
  resolved "https://registry.nlark.com/@polkadot/x-global/download/@polkadot/x-global-6.6.1.tgz?cache=0&sync_timestamp=1622618242043&other_urls=https%3A%2F%2Fregistry.nlark.com%2F%40polkadot%2Fx-global%2Fdownload%2F%40polkadot%2Fx-global-6.6.1.tgz#25539a429f16ad786948f5160f3d3cbe05ec00f3"
  integrity sha1-JVOaQp8WrXhpSPUWDz08vgXsAPM=
  dependencies:
    "@babel/runtime" "^7.14.0"
    "@types/node-fetch" "^2.5.10"
    node-fetch "^2.6.1"

"@polkadot/x-randomvalues@6.6.1":
  version "6.6.1"
  resolved "https://registry.nlark.com/@polkadot/x-randomvalues/download/@polkadot/x-randomvalues-6.6.1.tgz#7fd56f664a4f5a37feab27f9d4570814038778ce"
  integrity sha1-f9VvZkpPWjf+qyf51FcIFAOHeM4=
  dependencies:
    "@babel/runtime" "^7.14.0"
    "@polkadot/x-global" "6.6.1"

"@polkadot/x-rxjs@^6.6.1":
  version "6.6.1"
  resolved "https://registry.nlark.com/@polkadot/x-rxjs/download/@polkadot/x-rxjs-6.6.1.tgz?cache=0&sync_timestamp=1622618235089&other_urls=https%3A%2F%2Fregistry.nlark.com%2F%40polkadot%2Fx-rxjs%2Fdownload%2F%40polkadot%2Fx-rxjs-6.6.1.tgz#660d5c1becb74637ff4cec54788e17b11cc5900c"
  integrity sha1-Zg1cG+y3Rjf/TOxUeI4XsRzFkAw=
  dependencies:
    "@babel/runtime" "^7.14.0"
    rxjs "^6.6.7"

"@polkadot/x-textdecoder@6.6.1":
  version "6.6.1"
  resolved "https://registry.nlark.com/@polkadot/x-textdecoder/download/@polkadot/x-textdecoder-6.6.1.tgz#2f005df0e21d3d423395659008a95638e445ea27"
  integrity sha1-LwBd8OIdPUIzlWWQCKlWOORF6ic=
  dependencies:
    "@babel/runtime" "^7.14.0"
    "@polkadot/x-global" "6.6.1"

"@polkadot/x-textencoder@6.6.1":
  version "6.6.1"
  resolved "https://registry.nlark.com/@polkadot/x-textencoder/download/@polkadot/x-textencoder-6.6.1.tgz#d0678aa001af66561fc1913e76c9704567e3df3d"
  integrity sha1-0GeKoAGvZlYfwZE+dslwRWfj3z0=
  dependencies:
    "@babel/runtime" "^7.14.0"
    "@polkadot/x-global" "6.6.1"

"@polkadot/x-ws@^6.6.1":
  version "6.6.1"
  resolved "https://registry.nlark.com/@polkadot/x-ws/download/@polkadot/x-ws-6.6.1.tgz?cache=0&sync_timestamp=1622618242613&other_urls=https%3A%2F%2Fregistry.nlark.com%2F%40polkadot%2Fx-ws%2Fdownload%2F%40polkadot%2Fx-ws-6.6.1.tgz#9af80746f130b00b9f1e57354ce4fd2ae212161f"
  integrity sha1-mvgHRvEwsAufHlc1TOT9KuISFh8=
  dependencies:
    "@babel/runtime" "^7.14.0"
    "@polkadot/x-global" "6.6.1"
    "@types/websocket" "^1.0.2"
    websocket "^1.0.34"

"@substrate/txwrapper@^7.0.0":
  version "7.0.0"
  resolved "https://registry.nlark.com/@substrate/txwrapper/download/@substrate/txwrapper-7.0.0.tgz#da3f8c9fc90c8f0f85bcf9fc66997b9b1b9a3b16"
  integrity sha1-2j+Mn8kMjw+FvPn8Zpl7mxuaOxY=
  dependencies:
    "@polkadot/api" "^4.12.1"
    memoizee "^0.4.14"

"@tsconfig/node10@^1.0.7":
  version "1.0.7"
  resolved "https://registry.nlark.com/@tsconfig/node10/download/@tsconfig/node10-1.0.7.tgz#1eb1de36c73478a2479cc661ef5af1c16d86d606"
  integrity sha1-HrHeNsc0eKJHnMZh71rxwW2G1gY=

"@tsconfig/node12@^1.0.7":
  version "1.0.7"
  resolved "https://registry.npm.taobao.org/@tsconfig/node12/download/@tsconfig/node12-1.0.7.tgz#677bd9117e8164dc319987dd6ff5fc1ba6fbf18b"
  integrity sha1-Z3vZEX6BZNwxmYfdb/X8G6b78Ys=

"@tsconfig/node14@^1.0.0":
  version "1.0.0"
  resolved "https://registry.npm.taobao.org/@tsconfig/node14/download/@tsconfig/node14-1.0.0.tgz#5bd046e508b1ee90bc091766758838741fdefd6e"
  integrity sha1-W9BG5Qix7pC8CRdmdYg4dB/e/W4=

"@tsconfig/node16@^1.0.1":
  version "1.0.1"
  resolved "https://registry.nlark.com/@tsconfig/node16/download/@tsconfig/node16-1.0.1.tgz#a6ca6a9a0ff366af433f42f5f0e124794ff6b8f1"
  integrity sha1-pspqmg/zZq9DP0L18OEkeU/2uPE=

"@types/bn.js@^4.11.6":
  version "4.11.6"
  resolved "https://registry.nlark.com/@types/bn.js/download/@types/bn.js-4.11.6.tgz#c306c70d9358aaea33cd4eda092a742b9505967c"
  integrity sha1-wwbHDZNYquozzU7aCSp0K5UFlnw=
  dependencies:
    "@types/node" "*"

"@types/node-fetch@^2.5.10":
  version "2.5.10"
  resolved "https://registry.nlark.com/@types/node-fetch/download/@types/node-fetch-2.5.10.tgz?cache=0&sync_timestamp=1621241982775&other_urls=https%3A%2F%2Fregistry.nlark.com%2F%40types%2Fnode-fetch%2Fdownload%2F%40types%2Fnode-fetch-2.5.10.tgz#9b4d4a0425562f9fcea70b12cb3fcdd946ca8132"
  integrity sha1-m01KBCVWL5/OpwsSyz/N2UbKgTI=
  dependencies:
    "@types/node" "*"
    form-data "^3.0.0"

"@types/node@*":
  version "15.6.0"
  resolved "https://registry.nlark.com/@types/node/download/@types/node-15.6.0.tgz#f0ddca5a61e52627c9dcb771a6039d44694597bc"
  integrity sha1-8N3KWmHlJifJ3LdxpgOdRGlFl7w=

"@types/websocket@^1.0.2":
  version "1.0.2"
  resolved "https://registry.nlark.com/@types/websocket/download/@types/websocket-1.0.2.tgz?cache=0&sync_timestamp=1621244215023&other_urls=https%3A%2F%2Fregistry.nlark.com%2F%40types%2Fwebsocket%2Fdownload%2F%40types%2Fwebsocket-1.0.2.tgz#d2855c6a312b7da73ed16ba6781815bf30c6187a"
  integrity sha1-0oVcajErfac+0WumeBgVvzDGGHo=
  dependencies:
    "@types/node" "*"

arg@^4.1.0:
  version "4.1.3"
  resolved "https://registry.npm.taobao.org/arg/download/arg-4.1.3.tgz?cache=0&sync_timestamp=1605575041404&other_urls=https%3A%2F%2Fregistry.npm.taobao.org%2Farg%2Fdownload%2Farg-4.1.3.tgz#269fc7ad5b8e42cb63c896d5666017261c144089"
  integrity sha1-Jp/HrVuOQstjyJbVZmAXJhwUQIk=

asynckit@^0.4.0:
  version "0.4.0"
  resolved "https://registry.nlark.com/asynckit/download/asynckit-0.4.0.tgz#c79ed97f7f34cb8f2ba1bc9790bcc366474b4b79"
  integrity sha1-x57Zf380y48robyXkLzDZkdLS3k=

base-x@^3.0.8:
  version "3.0.8"
  resolved "https://registry.npm.taobao.org/base-x/download/base-x-3.0.8.tgz#1e1106c2537f0162e8b52474a557ebb09000018d"
  integrity sha1-HhEGwlN/AWLotSR0pVfrsJAAAY0=
  dependencies:
    safe-buffer "^5.0.1"

base64-js@^1.5.1:
  version "1.5.1"
  resolved "https://registry.npm.taobao.org/base64-js/download/base64-js-1.5.1.tgz?cache=0&sync_timestamp=1605123700994&other_urls=https%3A%2F%2Fregistry.npm.taobao.org%2Fbase64-js%2Fdownload%2Fbase64-js-1.5.1.tgz#1b1b440160a5bf7ad40b650f095963481903930a"
  integrity sha1-GxtEAWClv3rUC2UPCVljSBkDkwo=

blakejs@^1.1.0:
  version "1.1.0"
  resolved "https://registry.npm.taobao.org/blakejs/download/blakejs-1.1.0.tgz#69df92ef953aa88ca51a32df6ab1c54a155fc7a5"
  integrity sha1-ad+S75U6qIylGjLfarHFShVfx6U=

bn.js@^4.11.9:
  version "4.12.0"
  resolved "https://registry.npm.taobao.org/bn.js/download/bn.js-4.12.0.tgz#775b3f278efbb9718eec7361f483fb36fbbfea88"
  integrity sha1-d1s/J477uXGO7HNh9IP7Nvu/6og=

brorand@^1.1.0:
  version "1.1.0"
  resolved "https://registry.nlark.com/brorand/download/brorand-1.1.0.tgz#12c25efe40a45e3c323eb8675a0a0ce57b22371f"
  integrity sha1-EsJe/kCkXjwyPrhnWgoM5XsiNx8=

buffer-from@^1.0.0:
  version "1.1.1"
  resolved "https://registry.nlark.com/buffer-from/download/buffer-from-1.1.1.tgz#32713bc028f75c02fdb710d7c7bcec1f2c6070ef"
  integrity sha1-MnE7wCj3XAL9txDXx7zsHyxgcO8=

bufferutil@^4.0.1:
  version "4.0.3"
  resolved "https://registry.npm.taobao.org/bufferutil/download/bufferutil-4.0.3.tgz#66724b756bed23cd7c28c4d306d7994f9943cc6b"
  integrity sha1-ZnJLdWvtI818KMTTBteZT5lDzGs=
  dependencies:
    node-gyp-build "^4.2.0"

camelcase@^5.3.1:
  version "5.3.1"
  resolved "https://registry.nlark.com/camelcase/download/camelcase-5.3.1.tgz#e3c9b31569e106811df242f715725a1f4c494320"
  integrity sha1-48mzFWnhBoEd8kL3FXJaH0xJQyA=

cipher-base@^1.0.1:
  version "1.0.4"
  resolved "https://registry.npm.taobao.org/cipher-base/download/cipher-base-1.0.4.tgz#8760e4ecc272f4c363532f926d874aae2c1397de"
  integrity sha1-h2Dk7MJy9MNjUy+SbYdKriwTl94=
  dependencies:
    inherits "^2.0.1"
    safe-buffer "^5.0.1"

combined-stream@^1.0.8:
  version "1.0.8"
  resolved "https://registry.nlark.com/combined-stream/download/combined-stream-1.0.8.tgz#c3d45a8b34fd730631a110a8a2520682b31d5a7f"
  integrity sha1-w9RaizT9cwYxoRCoolIGgrMdWn8=
  dependencies:
    delayed-stream "~1.0.0"

create-hash@^1.2.0:
  version "1.2.0"
  resolved "https://registry.nlark.com/create-hash/download/create-hash-1.2.0.tgz#889078af11a63756bcfb59bd221996be3a9ef196"
  integrity sha1-iJB4rxGmN1a8+1m9IhmWvjqe8ZY=
  dependencies:
    cipher-base "^1.0.1"
    inherits "^2.0.1"
    md5.js "^1.3.4"
    ripemd160 "^2.0.1"
    sha.js "^2.4.0"

create-require@^1.1.0:
  version "1.1.1"
  resolved "https://registry.npm.taobao.org/create-require/download/create-require-1.1.1.tgz#c1d7e8f1e5f6cfc9ff65f9cd352d37348756c333"
  integrity sha1-wdfo8eX2z8n/ZfnNNS03NIdWwzM=

cuint@^0.2.2:
  version "0.2.2"
  resolved "https://registry.npm.taobao.org/cuint/download/cuint-0.2.2.tgz#408086d409550c2631155619e9fa7bcadc3b991b"
  integrity sha1-QICG1AlVDCYxFVYZ6fp7ytw7mRs=

d@1, d@^1.0.1:
  version "1.0.1"
  resolved "https://registry.nlark.com/d/download/d-1.0.1.tgz#8698095372d58dbee346ffd0c7093f99f8f9eb5a"
  integrity sha1-hpgJU3LVjb7jRv/Qxwk/mfj561o=
  dependencies:
    es5-ext "^0.10.50"
    type "^1.0.1"

debug@^2.2.0:
  version "2.6.9"
  resolved "https://registry.npm.taobao.org/debug/download/debug-2.6.9.tgz?cache=0&sync_timestamp=1607566571506&other_urls=https%3A%2F%2Fregistry.npm.taobao.org%2Fdebug%2Fdownload%2Fdebug-2.6.9.tgz#5d128515df134ff327e90a4c93f4e077a536341f"
  integrity sha1-XRKFFd8TT/Mn6QpMk/Tgd6U2NB8=
  dependencies:
    ms "2.0.0"

delayed-stream@~1.0.0:
  version "1.0.0"
  resolved "https://registry.npm.taobao.org/delayed-stream/download/delayed-stream-1.0.0.tgz#df3ae199acadfb7d440aaae0b29e2272b24ec619"
  integrity sha1-3zrhmayt+31ECqrgsp4icrJOxhk=

diff@^4.0.1:
  version "4.0.2"
  resolved "https://registry.npm.taobao.org/diff/download/diff-4.0.2.tgz?cache=0&other_urls=https%3A%2F%2Fregistry.npm.taobao.org%2Fdiff%2Fdownload%2Fdiff-4.0.2.tgz#60f3aecb89d5fae520c11aa19efc2bb982aade7d"
  integrity sha1-YPOuy4nV+uUgwRqhnvwruYKq3n0=

elliptic@^6.5.4:
  version "6.5.4"
  resolved "https://registry.nlark.com/elliptic/download/elliptic-6.5.4.tgz#da37cebd31e79a1367e941b592ed1fbebd58abbb"
  integrity sha1-2jfOvTHnmhNn6UG1ku0fvr1Yq7s=
  dependencies:
    bn.js "^4.11.9"
    brorand "^1.1.0"
    hash.js "^1.0.0"
    hmac-drbg "^1.0.1"
    inherits "^2.0.4"
    minimalistic-assert "^1.0.1"
    minimalistic-crypto-utils "^1.0.1"

es5-ext@^0.10.35, es5-ext@^0.10.46, es5-ext@^0.10.50, es5-ext@^0.10.53, es5-ext@~0.10.14, es5-ext@~0.10.2, es5-ext@~0.10.46:
  version "0.10.53"
  resolved "https://registry.npm.taobao.org/es5-ext/download/es5-ext-0.10.53.tgz#93c5a3acfdbef275220ad72644ad02ee18368de1"
  integrity sha1-k8WjrP2+8nUiCtcmRK0C7hg2jeE=
  dependencies:
    es6-iterator "~2.0.3"
    es6-symbol "~3.1.3"
    next-tick "~1.0.0"

es6-iterator@^2.0.3, es6-iterator@~2.0.3:
  version "2.0.3"
  resolved "https://registry.npm.taobao.org/es6-iterator/download/es6-iterator-2.0.3.tgz#a7de889141a05a94b0854403b2d0a0fbfa98f3b7"
  integrity sha1-p96IkUGgWpSwhUQDstCg+/qY87c=
  dependencies:
    d "1"
    es5-ext "^0.10.35"
    es6-symbol "^3.1.1"

es6-symbol@^3.1.1, es6-symbol@~3.1.3:
  version "3.1.3"
  resolved "https://registry.nlark.com/es6-symbol/download/es6-symbol-3.1.3.tgz#bad5d3c1bcdac28269f4cb331e431c78ac705d18"
  integrity sha1-utXTwbzawoJp9MszHkMceKxwXRg=
  dependencies:
    d "^1.0.1"
    ext "^1.1.2"

es6-weak-map@^2.0.3:
  version "2.0.3"
  resolved "https://registry.npm.taobao.org/es6-weak-map/download/es6-weak-map-2.0.3.tgz#b6da1f16cc2cc0d9be43e6bdbfc5e7dfcdf31d53"
  integrity sha1-ttofFswswNm+Q+a9v8Xn383zHVM=
  dependencies:
    d "1"
    es5-ext "^0.10.46"
    es6-iterator "^2.0.3"
    es6-symbol "^3.1.1"

event-emitter@^0.3.5:
  version "0.3.5"
  resolved "https://registry.npm.taobao.org/event-emitter/download/event-emitter-0.3.5.tgz#df8c69eef1647923c7157b9ce83840610b02cc39"
  integrity sha1-34xp7vFkeSPHFXuc6DhAYQsCzDk=
  dependencies:
    d "1"
    es5-ext "~0.10.14"

eventemitter3@^4.0.7:
  version "4.0.7"
  resolved "https://registry.npm.taobao.org/eventemitter3/download/eventemitter3-4.0.7.tgz?cache=0&sync_timestamp=1598517819668&other_urls=https%3A%2F%2Fregistry.npm.taobao.org%2Feventemitter3%2Fdownload%2Feventemitter3-4.0.7.tgz#2de9b68f6528d5644ef5c59526a1b4a07306169f"
  integrity sha1-Lem2j2Uo1WRO9cWVJqG0oHMGFp8=

ext@^1.1.2:
  version "1.4.0"
  resolved "https://registry.nlark.com/ext/download/ext-1.4.0.tgz#89ae7a07158f79d35517882904324077e4379244"
  integrity sha1-ia56BxWPedNVF4gpBDJAd+Q3kkQ=
  dependencies:
    type "^2.0.0"

form-data@^3.0.0:
  version "3.0.1"
  resolved "https://registry.npm.taobao.org/form-data/download/form-data-3.0.1.tgz?cache=0&sync_timestamp=1613410812604&other_urls=https%3A%2F%2Fregistry.npm.taobao.org%2Fform-data%2Fdownload%2Fform-data-3.0.1.tgz#ebd53791b78356a99af9a300d4282c4d5eb9755f"
  integrity sha1-69U3kbeDVqma+aMA1CgsTV65dV8=
  dependencies:
    asynckit "^0.4.0"
    combined-stream "^1.0.8"
    mime-types "^2.1.12"

hash-base@^3.0.0:
  version "3.1.0"
  resolved "https://registry.npm.taobao.org/hash-base/download/hash-base-3.1.0.tgz#55c381d9e06e1d2997a883b4a3fddfe7f0d3af33"
  integrity sha1-VcOB2eBuHSmXqIO0o/3f5/DTrzM=
  dependencies:
    inherits "^2.0.4"
    readable-stream "^3.6.0"
    safe-buffer "^5.2.0"

hash.js@^1.0.0, hash.js@^1.0.3, hash.js@^1.1.7:
  version "1.1.7"
  resolved "https://registry.nlark.com/hash.js/download/hash.js-1.1.7.tgz#0babca538e8d4ee4a0f8988d68866537a003cf42"
  integrity sha1-C6vKU46NTuSg+JiNaIZlN6ADz0I=
  dependencies:
    inherits "^2.0.3"
    minimalistic-assert "^1.0.1"

hmac-drbg@^1.0.1:
  version "1.0.1"
  resolved "https://registry.npm.taobao.org/hmac-drbg/download/hmac-drbg-1.0.1.tgz#d2745701025a6c775a6c545793ed502fc0c649a1"
  integrity sha1-0nRXAQJabHdabFRXk+1QL8DGSaE=
  dependencies:
    hash.js "^1.0.3"
    minimalistic-assert "^1.0.0"
    minimalistic-crypto-utils "^1.0.1"

inherits@^2.0.1, inherits@^2.0.3, inherits@^2.0.4:
  version "2.0.4"
  resolved "https://registry.npm.taobao.org/inherits/download/inherits-2.0.4.tgz#0fa2c64f932917c3433a0ded55363aae37416b7c"
  integrity sha1-D6LGT5MpF8NDOg3tVTY6rjdBa3w=

ip-regex@^4.3.0:
  version "4.3.0"
  resolved "https://registry.nlark.com/ip-regex/download/ip-regex-4.3.0.tgz#687275ab0f57fa76978ff8f4dddc8a23d5990db5"
  integrity sha1-aHJ1qw9X+naXj/j03dyKI9WZDbU=

is-promise@^2.2.2:
  version "2.2.2"
  resolved "https://registry.npm.taobao.org/is-promise/download/is-promise-2.2.2.tgz#39ab959ccbf9a774cf079f7b40c7a26f763135f1"
  integrity sha1-OauVnMv5p3TPB597QMeib3YxNfE=

is-typedarray@^1.0.0:
  version "1.0.0"
  resolved "https://registry.nlark.com/is-typedarray/download/is-typedarray-1.0.0.tgz#e479c80858df0c1b11ddda6940f96011fcda4a9a"
  integrity sha1-5HnICFjfDBsR3dppQPlgEfzaSpo=

js-sha3@^0.8.0:
  version "0.8.0"
  resolved "https://registry.npm.taobao.org/js-sha3/download/js-sha3-0.8.0.tgz#b9b7a5da73afad7dedd0f8c463954cbde6818840"
  integrity sha1-ubel2nOvrX3t0PjEY5VMveaBiEA=

lru-queue@^0.1.0:
  version "0.1.0"
  resolved "https://registry.npm.taobao.org/lru-queue/download/lru-queue-0.1.0.tgz#2738bd9f0d3cf4f84490c5736c48699ac632cda3"
  integrity sha1-Jzi9nw089PhEkMVzbEhpmsYyzaM=
  dependencies:
    es5-ext "~0.10.2"

make-error@^1.1.1:
  version "1.3.6"
  resolved "https://registry.npm.taobao.org/make-error/download/make-error-1.3.6.tgz#2eb2e37ea9b67c4891f684a1394799af484cf7a2"
  integrity sha1-LrLjfqm2fEiR9oShOUeZr0hM96I=

md5.js@^1.3.4:
  version "1.3.5"
  resolved "https://registry.npm.taobao.org/md5.js/download/md5.js-1.3.5.tgz#b5d07b8e3216e3e27cd728d72f70d1e6a342005f"
  integrity sha1-tdB7jjIW4+J81yjXL3DR5qNCAF8=
  dependencies:
    hash-base "^3.0.0"
    inherits "^2.0.1"
    safe-buffer "^5.1.2"

memoizee@^0.4.14:
  version "0.4.15"
  resolved "https://registry.npm.taobao.org/memoizee/download/memoizee-0.4.15.tgz#e6f3d2da863f318d02225391829a6c5956555b72"
  integrity sha1-5vPS2oY/MY0CIlORgppsWVZVW3I=
  dependencies:
    d "^1.0.1"
    es5-ext "^0.10.53"
    es6-weak-map "^2.0.3"
    event-emitter "^0.3.5"
    is-promise "^2.2.2"
    lru-queue "^0.1.0"
    next-tick "^1.1.0"
    timers-ext "^0.1.7"

mime-db@1.47.0:
  version "1.47.0"
  resolved "https://registry.npm.taobao.org/mime-db/download/mime-db-1.47.0.tgz?cache=0&sync_timestamp=1617306025156&other_urls=https%3A%2F%2Fregistry.npm.taobao.org%2Fmime-db%2Fdownload%2Fmime-db-1.47.0.tgz#8cb313e59965d3c05cfbf898915a267af46a335c"
  integrity sha1-jLMT5Zll08Bc+/iYkVomevRqM1w=

mime-types@^2.1.12:
  version "2.1.30"
  resolved "https://registry.nlark.com/mime-types/download/mime-types-2.1.30.tgz#6e7be8b4c479825f85ed6326695db73f9305d62d"
  integrity sha1-bnvotMR5gl+F7WMmaV23P5MF1i0=
  dependencies:
    mime-db "1.47.0"

minimalistic-assert@^1.0.0, minimalistic-assert@^1.0.1:
  version "1.0.1"
  resolved "https://registry.npm.taobao.org/minimalistic-assert/download/minimalistic-assert-1.0.1.tgz#2e194de044626d4a10e7f7fbc00ce73e83e4d5c7"
  integrity sha1-LhlN4ERibUoQ5/f7wAznPoPk1cc=

minimalistic-crypto-utils@^1.0.1:
  version "1.0.1"
  resolved "https://registry.nlark.com/minimalistic-crypto-utils/download/minimalistic-crypto-utils-1.0.1.tgz#f6c00c1c0b082246e5c4d99dfb8c7c083b2b582a"
  integrity sha1-9sAMHAsIIkblxNmd+4x8CDsrWCo=

minimist@^1.2.5:
  version "1.2.5"
  resolved "https://registry.npm.taobao.org/minimist/download/minimist-1.2.5.tgz#67d66014b66a6a8aaa0c083c5fd58df4e4e97602"
  integrity sha1-Z9ZgFLZqaoqqDAg8X9WN9OTpdgI=

ms@2.0.0:
  version "2.0.0"
  resolved "https://registry.npm.taobao.org/ms/download/ms-2.0.0.tgz?cache=0&sync_timestamp=1607433872491&other_urls=https%3A%2F%2Fregistry.npm.taobao.org%2Fms%2Fdownload%2Fms-2.0.0.tgz#5608aeadfc00be6c2901df5f9861788de0d597c8"
  integrity sha1-VgiurfwAvmwpAd9fmGF4jeDVl8g=

next-tick@1, next-tick@^1.1.0:
  version "1.1.0"
  resolved "https://registry.npm.taobao.org/next-tick/download/next-tick-1.1.0.tgz#1836ee30ad56d67ef281b22bd199f709449b35eb"
  integrity sha1-GDbuMK1W1n7ygbIr0Zn3CUSbNes=

next-tick@~1.0.0:
  version "1.0.0"
  resolved "https://registry.npm.taobao.org/next-tick/download/next-tick-1.0.0.tgz#ca86d1fe8828169b0120208e3dc8424b9db8342c"
  integrity sha1-yobR/ogoFpsBICCOPchCS524NCw=

node-fetch@^2.6.1:
  version "2.6.1"
  resolved "https://registry.npm.taobao.org/node-fetch/download/node-fetch-2.6.1.tgz?cache=0&sync_timestamp=1599309667528&other_urls=https%3A%2F%2Fregistry.npm.taobao.org%2Fnode-fetch%2Fdownload%2Fnode-fetch-2.6.1.tgz#045bd323631f76ed2e2b55573394416b639a0052"
  integrity sha1-BFvTI2Mfdu0uK1VXM5RBa2OaAFI=

node-gyp-build@^4.2.0:
  version "4.2.3"
  resolved "https://registry.npm.taobao.org/node-gyp-build/download/node-gyp-build-4.2.3.tgz?cache=0&sync_timestamp=1595241892444&other_urls=https%3A%2F%2Fregistry.npm.taobao.org%2Fnode-gyp-build%2Fdownload%2Fnode-gyp-build-4.2.3.tgz#ce6277f853835f718829efb47db20f3e4d9c4739"
  integrity sha1-zmJ3+FODX3GIKe+0fbIPPk2cRzk=

readable-stream@^3.6.0:
  version "3.6.0"
  resolved "https://registry.npm.taobao.org/readable-stream/download/readable-stream-3.6.0.tgz#337bbda3adc0706bd3e024426a286d4b4b2c9198"
  integrity sha1-M3u9o63AcGvT4CRCaihtS0sskZg=
  dependencies:
    inherits "^2.0.3"
    string_decoder "^1.1.1"
    util-deprecate "^1.0.1"

regenerator-runtime@^0.13.4:
  version "0.13.7"
  resolved "https://registry.nlark.com/regenerator-runtime/download/regenerator-runtime-0.13.7.tgz#cac2dacc8a1ea675feaabaeb8ae833898ae46f55"
  integrity sha1-ysLazIoepnX+qrrriugziYrkb1U=

ripemd160@^2.0.1:
  version "2.0.2"
  resolved "https://registry.nlark.com/ripemd160/download/ripemd160-2.0.2.tgz#a1c1a6f624751577ba5d07914cbc92850585890c"
  integrity sha1-ocGm9iR1FXe6XQeRTLyShQWFiQw=
  dependencies:
    hash-base "^3.0.0"
    inherits "^2.0.1"

rxjs@^6.6.7:
  version "6.6.7"
  resolved "https://registry.nlark.com/rxjs/download/rxjs-6.6.7.tgz?cache=0&sync_timestamp=1621619270778&other_urls=https%3A%2F%2Fregistry.nlark.com%2Frxjs%2Fdownload%2Frxjs-6.6.7.tgz#90ac018acabf491bf65044235d5863c4dab804c9"
  integrity sha1-kKwBisq/SRv2UEQjXVhjxNq4BMk=
  dependencies:
    tslib "^1.9.0"

safe-buffer@^5.0.1, safe-buffer@^5.1.2, safe-buffer@^5.2.0, safe-buffer@~5.2.0:
  version "5.2.1"
  resolved "https://registry.nlark.com/safe-buffer/download/safe-buffer-5.2.1.tgz#1eaf9fa9bdb1fdd4ec75f58f9cdb4e6b7827eec6"
  integrity sha1-Hq+fqb2x/dTsdfWPnNtOa3gn7sY=

scryptsy@^2.1.0:
  version "2.1.0"
  resolved "https://registry.npm.taobao.org/scryptsy/download/scryptsy-2.1.0.tgz#8d1e8d0c025b58fdd25b6fa9a0dc905ee8faa790"
  integrity sha1-jR6NDAJbWP3SW2+poNyQXuj6p5A=

sha.js@^2.4.0:
  version "2.4.11"
  resolved "https://registry.npm.taobao.org/sha.js/download/sha.js-2.4.11.tgz#37a5cf0b81ecbc6943de109ba2960d1b26584ae7"
  integrity sha1-N6XPC4HsvGlD3hCbopYNGyZYSuc=
  dependencies:
    inherits "^2.0.1"
    safe-buffer "^5.0.1"

source-map-support@^0.5.17:
  version "0.5.19"
  resolved "https://registry.npm.taobao.org/source-map-support/download/source-map-support-0.5.19.tgz?cache=0&sync_timestamp=1587719289626&other_urls=https%3A%2F%2Fregistry.npm.taobao.org%2Fsource-map-support%2Fdownload%2Fsource-map-support-0.5.19.tgz#a98b62f86dcaf4f67399648c085291ab9e8fed61"
  integrity sha1-qYti+G3K9PZzmWSMCFKRq56P7WE=
  dependencies:
    buffer-from "^1.0.0"
    source-map "^0.6.0"

source-map@^0.6.0:
  version "0.6.1"
  resolved "https://registry.npm.taobao.org/source-map/download/source-map-0.6.1.tgz#74722af32e9614e9c287a8d0bbde48b5e2f1a263"
  integrity sha1-dHIq8y6WFOnCh6jQu95IteLxomM=

string_decoder@^1.1.1:
  version "1.3.0"
  resolved "https://registry.nlark.com/string_decoder/download/string_decoder-1.3.0.tgz#42f114594a46cf1a8e30b0a84f56c78c3edac21e"
  integrity sha1-QvEUWUpGzxqOMLCoT1bHjD7awh4=
  dependencies:
    safe-buffer "~5.2.0"

timers-ext@^0.1.7:
  version "0.1.7"
  resolved "https://registry.npm.taobao.org/timers-ext/download/timers-ext-0.1.7.tgz#6f57ad8578e07a3fb9f91d9387d65647555e25c6"
  integrity sha1-b1ethXjgej+5+R2Th9ZWR1VeJcY=
  dependencies:
    es5-ext "~0.10.46"
    next-tick "1"

ts-node@^10.0.0:
  version "10.0.0"
  resolved "https://registry.nlark.com/ts-node/download/ts-node-10.0.0.tgz?cache=0&sync_timestamp=1621798304685&other_urls=https%3A%2F%2Fregistry.nlark.com%2Fts-node%2Fdownload%2Fts-node-10.0.0.tgz#05f10b9a716b0b624129ad44f0ea05dac84ba3be"
  integrity sha1-BfELmnFrC2JBKa1E8OoF2shLo74=
  dependencies:
    "@tsconfig/node10" "^1.0.7"
    "@tsconfig/node12" "^1.0.7"
    "@tsconfig/node14" "^1.0.0"
    "@tsconfig/node16" "^1.0.1"
    arg "^4.1.0"
    create-require "^1.1.0"
    diff "^4.0.1"
    make-error "^1.1.1"
    source-map-support "^0.5.17"
    yn "3.1.1"

tslib@^1.9.0:
  version "1.14.1"
  resolved "https://registry.npm.taobao.org/tslib/download/tslib-1.14.1.tgz?cache=0&sync_timestamp=1617647331485&other_urls=https%3A%2F%2Fregistry.npm.taobao.org%2Ftslib%2Fdownload%2Ftslib-1.14.1.tgz#cf2d38bdc34a134bcaf1091c41f6619e2f672d00"
  integrity sha1-zy04vcNKE0vK8QkcQfZhni9nLQA=

tweetnacl@^1.0.3:
  version "1.0.3"
  resolved "https://registry.npm.taobao.org/tweetnacl/download/tweetnacl-1.0.3.tgz#ac0af71680458d8a6378d0d0d050ab1407d35596"
  integrity sha1-rAr3FoBFjYpjeNDQ0FCrFAfTVZY=

type@^1.0.1:
  version "1.2.0"
  resolved "https://registry.npm.taobao.org/type/download/type-1.2.0.tgz#848dd7698dafa3e54a6c479e759c4bc3f18847a0"
  integrity sha1-hI3XaY2vo+VKbEeedZxLw/GIR6A=

type@^2.0.0:
  version "2.5.0"
  resolved "https://registry.npm.taobao.org/type/download/type-2.5.0.tgz#0a2e78c2e77907b252abe5f298c1b01c63f0db3d"
  integrity sha1-Ci54wud5B7JSq+XymMGwHGPw2z0=

typedarray-to-buffer@^3.1.5:
  version "3.1.5"
  resolved "https://registry.npm.taobao.org/typedarray-to-buffer/download/typedarray-to-buffer-3.1.5.tgz#a97ee7a9ff42691b9f783ff1bc5112fe3fca9080"
  integrity sha1-qX7nqf9CaRufeD/xvFES/j/KkIA=
  dependencies:
    is-typedarray "^1.0.0"

typescript@^4.3.2:
  version "4.3.2"
  resolved "https://registry.nlark.com/typescript/download/typescript-4.3.2.tgz?cache=0&sync_timestamp=1622620193938&other_urls=https%3A%2F%2Fregistry.nlark.com%2Ftypescript%2Fdownload%2Ftypescript-4.3.2.tgz#399ab18aac45802d6f2498de5054fcbbe716a805"
  integrity sha1-OZqxiqxFgC1vJJjeUFT8u+cWqAU=

utf-8-validate@^5.0.2:
  version "5.0.5"
  resolved "https://registry.nlark.com/utf-8-validate/download/utf-8-validate-5.0.5.tgz?cache=0&sync_timestamp=1620068388313&other_urls=https%3A%2F%2Fregistry.nlark.com%2Futf-8-validate%2Fdownload%2Futf-8-validate-5.0.5.tgz#dd32c2e82c72002dc9f02eb67ba6761f43456ca1"
  integrity sha1-3TLC6CxyAC3J8C62e6Z2H0NFbKE=
  dependencies:
    node-gyp-build "^4.2.0"

util-deprecate@^1.0.1:
  version "1.0.2"
  resolved "https://registry.nlark.com/util-deprecate/download/util-deprecate-1.0.2.tgz#450d4dc9fa70de732762fbd2d4a28981419a0ccf"
  integrity sha1-RQ1Nyfpw3nMnYvvS1KKJgUGaDM8=

websocket@^1.0.34:
  version "1.0.34"
  resolved "https://registry.npm.taobao.org/websocket/download/websocket-1.0.34.tgz#2bdc2602c08bf2c82253b730655c0ef7dcab3111"
  integrity sha1-K9wmAsCL8sgiU7cwZVwO99yrMRE=
  dependencies:
    bufferutil "^4.0.1"
    debug "^2.2.0"
    es5-ext "^0.10.50"
    typedarray-to-buffer "^3.1.5"
    utf-8-validate "^5.0.2"
    yaeti "^0.0.6"

xxhashjs@^0.2.2:
  version "0.2.2"
  resolved "https://registry.npm.taobao.org/xxhashjs/download/xxhashjs-0.2.2.tgz#8a6251567621a1c46a5ae204da0249c7f8caa9d8"
  integrity sha1-imJRVnYhocRqWuIE2gJJx/jKqdg=
  dependencies:
    cuint "^0.2.2"

yaeti@^0.0.6:
  version "0.0.6"
  resolved "https://registry.npm.taobao.org/yaeti/download/yaeti-0.0.6.tgz#f26f484d72684cf42bedfb76970aa1608fbf9577"
  integrity sha1-8m9ITXJoTPQr7ft2lwqhYI+/lXc=

yn@3.1.1:
  version "3.1.1"
  resolved "https://registry.npm.taobao.org/yn/download/yn-3.1.1.tgz#1e87401a09d767c1d5eab26a6e4c185182d2eb50"
  integrity sha1-HodAGgnXZ8HV6rJqbkwYUYLS61A=
